PODS:
  - AlipaySDK-iOS (15.7.9)
  - connectivity (0.0.1):
    - Flutter
    - Reachability
  - device_info_plus (0.0.1):
    - Flutter
  - Flutter (1.0.0)
  - flutter_alipay (0.0.1):
    - AlipaySDK-iOS
    - Flutter
  - flutter_inappwebview (0.0.1):
    - Flutter
  - flutter_webview_plugin (0.0.1):
    - Flutter
  - fluttertoast (0.0.2):
    - Flutter
    - Toast
  - path_provider (0.0.1):
    - Flutter
  - "permission_handler (5.1.0+2)":
    - Flutter
  - Reachability (3.2)
  - shared_preferences (0.0.1):
    - Flutter
  - Toast (4.0.0)
  - UMAPM (1.5.3)
  - UMCCommon (7.3.5):
    - UMAPM
    - UMDevice
  - UMDevice (2.0.5)
  - url_launcher (0.0.1):
    - Flutter

DEPENDENCIES:
  - connectivity (from `.symlinks/plugins/connectivity/ios`)
  - device_info_plus (from `.symlinks/plugins/device_info_plus/ios`)
  - Flutter (from `Flutter`)
  - flutter_alipay (from `.symlinks/plugins/flutter_alipay/ios`)
  - flutter_inappwebview (from `.symlinks/plugins/flutter_inappwebview/ios`)
  - flutter_webview_plugin (from `.symlinks/plugins/flutter_webview_plugin/ios`)
  - fluttertoast (from `.symlinks/plugins/fluttertoast/ios`)
  - path_provider (from `.symlinks/plugins/path_provider/ios`)
  - permission_handler (from `.symlinks/plugins/permission_handler/ios`)
  - shared_preferences (from `.symlinks/plugins/shared_preferences/ios`)
  - UMCCommon
  - url_launcher (from `.symlinks/plugins/url_launcher/ios`)

SPEC REPOS:
  trunk:
    - AlipaySDK-iOS
    - Reachability
    - Toast
    - UMAPM
    - UMCCommon
    - UMDevice

EXTERNAL SOURCES:
  connectivity:
    :path: ".symlinks/plugins/connectivity/ios"
  device_info_plus:
    :path: ".symlinks/plugins/device_info_plus/ios"
  Flutter:
    :path: Flutter
  flutter_alipay:
    :path: ".symlinks/plugins/flutter_alipay/ios"
  flutter_inappwebview:
    :path: ".symlinks/plugins/flutter_inappwebview/ios"
  flutter_webview_plugin:
    :path: ".symlinks/plugins/flutter_webview_plugin/ios"
  fluttertoast:
    :path: ".symlinks/plugins/fluttertoast/ios"
  path_provider:
    :path: ".symlinks/plugins/path_provider/ios"
  permission_handler:
    :path: ".symlinks/plugins/permission_handler/ios"
  shared_preferences:
    :path: ".symlinks/plugins/shared_preferences/ios"
  url_launcher:
    :path: ".symlinks/plugins/url_launcher/ios"

SPEC CHECKSUMS:
  AlipaySDK-iOS: 94ff4c0e17c5e7d126b8207596d5033006534c25
  connectivity: c4130b2985d4ef6fd26f9702e886bd5260681467
  device_info_plus: e5c5da33f982a436e103237c0c85f9031142abed
  Flutter: 434fef37c0980e73bb6479ef766c45957d4b510c
  flutter_alipay: feedc0200a70b37c2f230b9fc33674f32e272327
  flutter_inappwebview: 69dfbac46157b336ffbec19ca6dfd4638c7bf189
  flutter_webview_plugin: ed9e8a6a96baf0c867e90e1bce2673913eeac694
  fluttertoast: 6122fa75143e992b1d3470f61000f591a798cc58
  path_provider: abfe2b5c733d04e238b0d8691db0cfd63a27a93c
  permission_handler: ccb20a9fad0ee9b1314a52b70b76b473c5f8dab0
  Reachability: 33e18b67625424e47b6cde6d202dce689ad7af96
  shared_preferences: af6bfa751691cdc24be3045c43ec037377ada40d
  Toast: 91b396c56ee72a5790816f40d3a94dd357abc196
  UMAPM: 16a3b4140855b5f61a6ac6b403b180311bd83275
  UMCCommon: 3c535e9e3958f72df075cc6fe4776fb5e403c8bc
  UMDevice: c13bbb2e8ca6c67d1e23e03162553e3ec5a8b5b0
  url_launcher: 6fef411d543ceb26efce54b05a0a40bfd74cbbef

PODFILE CHECKSUM: 362687da9864ed8720ac63068482b5d67f871727

COCOAPODS: 1.10.1
